{
   "name": "grakkit.github.io",
   "lockfileVersion": 2,
   "requires": true,
   "packages": {
      "": {
         "devDependencies": {
            "typescript": "4.7.0-dev.20220215"
         }
      },
      "node_modules/typescript": {
         "version": "4.7.0-dev.20220215",
         "resolved": "https://registry.npmjs.org/typescript/-/typescript-4.7.0-dev.20220215.tgz",
         "integrity": "sha512-nR8nlomkUrPGacuVXoAfhEKKbofLRR+dIy66EbZasC8H1rAbk5UXdXgZMlh7SthBf4w2y3sjCiq+MCQgY+QewA==",
         "dev": true,
         "bin": {
            "tsc": "bin/tsc",
            "tsserver": "bin/tsserver"
         },
         "engines": {
            "node": ">=4.2.0"
         }
      }
   },
   "dependencies": {
      "typescript": {
         "version": "4.7.0-dev.20220215",
         "resolved": "https://registry.npmjs.org/typescript/-/typescript-4.7.0-dev.20220215.tgz",
         "integrity": "sha512-nR8nlomkUrPGacuVXoAfhEKKbofLRR+dIy66EbZasC8H1rAbk5UXdXgZMlh7SthBf4w2y3sjCiq+MCQgY+QewA==",
         "dev": true
      }
   }
}
